
Microsoft Visual Studio Solution File, Format Version 12.00
# Visual Studio Version 16
VisualStudioVersion = 16.0.31702.278
MinimumVisualStudioVersion = 10.0.40219.1
Project("{FAE04EC0-301F-11D3-BF4B-00C04F79EFBC}") = "App.Core", "App.Core\App.Core.csproj", "{57C2418E-3ADC-4AA4-938A-100D154831F9}"
EndProject
Project("{2150E333-8FDC-42A3-9474-1A3956D46DE8}") = "Solution Items", "Solution Items", "{0E021207-F0D5-4213-8FB9-B176A28BD74A}"
	ProjectSection(SolutionItems) = preProject
		..\README.md = ..\README.md
	EndProjectSection
EndProject
Project("{FAE04EC0-301F-11D3-BF4B-00C04F79EFBC}") = "App.Infraestructure", "App.Infraestructure\App.Infraestructure.csproj", "{27FC95F5-788E-4F9F-B13B-C9A432510509}"
EndProject
Global
	GlobalSection(SolutionConfigurationPlatforms) = preSolution
		Debug|Any CPU = Debug|Any CPU
		Release|Any CPU = Release|Any CPU
	EndGlobalSection
	GlobalSection(ProjectConfigurationPlatforms) = postSolution
		{57C2418E-3ADC-4AA4-938A-100D154831F9}.Debug|Any CPU.ActiveCfg = Debug|Any CPU
		{57C2418E-3ADC-4AA4-938A-100D154831F9}.Debug|Any CPU.Build.0 = Debug|Any CPU
		{57C2418E-3ADC-4AA4-938A-100D154831F9}.Release|Any CPU.ActiveCfg = Release|Any CPU
		{57C2418E-3ADC-4AA4-938A-100D154831F9}.Release|Any CPU.Build.0 = Release|Any CPU
		{27FC95F5-788E-4F9F-B13B-C9A432510509}.Debug|Any CPU.ActiveCfg = Debug|Any CPU
		{27FC95F5-788E-4F9F-B13B-C9A432510509}.Debug|Any CPU.Build.0 = Debug|Any CPU
		{27FC95F5-788E-4F9F-B13B-C9A432510509}.Release|Any CPU.ActiveCfg = Release|Any CPU
		{27FC95F5-788E-4F9F-B13B-C9A432510509}.Release|Any CPU.Build.0 = Release|Any CPU
	EndGlobalSection
	GlobalSection(SolutionProperties) = preSolution
		HideSolutionNode = FALSE
	EndGlobalSection
	GlobalSection(ExtensibilityGlobals) = postSolution
		SolutionGuid = {D012574A-7175-4E97-9FBD-D78194D7E6DC}
	EndGlobalSection
EndGlobal
